
Microsoft Visual Studio Solution File, Format Version 12.00
# Visual Studio Version 17
VisualStudioVersion = 17.14.36705.20
MinimumVisualStudioVersion = 10.0.40219.1
Project("{FAE04EC0-301F-11D3-BF4B-00C04F79EFBC}") = "Overriding", "Overriding\Overriding.csproj", "{EAE036F4-F3C2-EDDC-064D-FDC2F3A16597}"
EndProject
Project("{FAE04EC0-301F-11D3-BF4B-00C04F79EFBC}") = "Enum", "Enum\Enum.csproj", "{8B912DE8-B833-018A-7F42-9DA849DB8D84}"
EndProject
Project("{FAE04EC0-301F-11D3-BF4B-00C04F79EFBC}") = "Library1", "Library1\Library1.csproj", "{99DC9349-51F5-F584-A15F-803CB6BE87C6}"
EndProject
Project("{FAE04EC0-301F-11D3-BF4B-00C04F79EFBC}") = "Library2", "Library2\Library2.csproj", "{628BF7AC-CADB-E845-D0A3-82D0FCBCA4DC}"
EndProject
Project("{FAE04EC0-301F-11D3-BF4B-00C04F79EFBC}") = "ValueAndReferenceTypes", "ValueAndReferenceTypes\ValueAndReferenceTypes.csproj", "{4798D182-EA16-E6E1-7047-81AB7C59556F}"
EndProject
Project("{FAE04EC0-301F-11D3-BF4B-00C04F79EFBC}") = "AccessibilityModifiers", "AccessibilityModifiers\AccessibilityModifiers.csproj", "{7403136A-CBC3-2195-B293-9E30231527BF}"
EndProject
Project("{FAE04EC0-301F-11D3-BF4B-00C04F79EFBC}") = "StringAndStringBuilder", "StringAndStringBuilder\StringAndStringBuilder.csproj", "{22B865D7-B420-4C23-8F95-84EAF1A32256}"
EndProject
Project("{FAE04EC0-301F-11D3-BF4B-00C04F79EFBC}") = "Generics", "Generics\Generics.csproj", "{7ED10BED-4CAB-40F8-809E-FCBE9323E122}"
EndProject
Global
	GlobalSection(SolutionConfigurationPlatforms) = preSolution
		Debug|Any CPU = Debug|Any CPU
		Release|Any CPU = Release|Any CPU
	EndGlobalSection
	GlobalSection(ProjectConfigurationPlatforms) = postSolution
		{EAE036F4-F3C2-EDDC-064D-FDC2F3A16597}.Debug|Any CPU.ActiveCfg = Debug|Any CPU
		{EAE036F4-F3C2-EDDC-064D-FDC2F3A16597}.Debug|Any CPU.Build.0 = Debug|Any CPU
		{EAE036F4-F3C2-EDDC-064D-FDC2F3A16597}.Release|Any CPU.ActiveCfg = Release|Any CPU
		{EAE036F4-F3C2-EDDC-064D-FDC2F3A16597}.Release|Any CPU.Build.0 = Release|Any CPU
		{8B912DE8-B833-018A-7F42-9DA849DB8D84}.Debug|Any CPU.ActiveCfg = Debug|Any CPU
		{8B912DE8-B833-018A-7F42-9DA849DB8D84}.Debug|Any CPU.Build.0 = Debug|Any CPU
		{8B912DE8-B833-018A-7F42-9DA849DB8D84}.Release|Any CPU.ActiveCfg = Release|Any CPU
		{8B912DE8-B833-018A-7F42-9DA849DB8D84}.Release|Any CPU.Build.0 = Release|Any CPU
		{99DC9349-51F5-F584-A15F-803CB6BE87C6}.Debug|Any CPU.ActiveCfg = Debug|Any CPU
		{99DC9349-51F5-F584-A15F-803CB6BE87C6}.Debug|Any CPU.Build.0 = Debug|Any CPU
		{99DC9349-51F5-F584-A15F-803CB6BE87C6}.Release|Any CPU.ActiveCfg = Release|Any CPU
		{99DC9349-51F5-F584-A15F-803CB6BE87C6}.Release|Any CPU.Build.0 = Release|Any CPU
		{628BF7AC-CADB-E845-D0A3-82D0FCBCA4DC}.Debug|Any CPU.ActiveCfg = Debug|Any CPU
		{628BF7AC-CADB-E845-D0A3-82D0FCBCA4DC}.Debug|Any CPU.Build.0 = Debug|Any CPU
		{628BF7AC-CADB-E845-D0A3-82D0FCBCA4DC}.Release|Any CPU.ActiveCfg = Release|Any CPU
		{628BF7AC-CADB-E845-D0A3-82D0FCBCA4DC}.Release|Any CPU.Build.0 = Release|Any CPU
		{4798D182-EA16-E6E1-7047-81AB7C59556F}.Debug|Any CPU.ActiveCfg = Debug|Any CPU
		{4798D182-EA16-E6E1-7047-81AB7C59556F}.Debug|Any CPU.Build.0 = Debug|Any CPU
		{4798D182-EA16-E6E1-7047-81AB7C59556F}.Release|Any CPU.ActiveCfg = Release|Any CPU
		{4798D182-EA16-E6E1-7047-81AB7C59556F}.Release|Any CPU.Build.0 = Release|Any CPU
		{7403136A-CBC3-2195-B293-9E30231527BF}.Debug|Any CPU.ActiveCfg = Debug|Any CPU
		{7403136A-CBC3-2195-B293-9E30231527BF}.Debug|Any CPU.Build.0 = Debug|Any CPU
		{7403136A-CBC3-2195-B293-9E30231527BF}.Release|Any CPU.ActiveCfg = Release|Any CPU
		{7403136A-CBC3-2195-B293-9E30231527BF}.Release|Any CPU.Build.0 = Release|Any CPU
		{22B865D7-B420-4C23-8F95-84EAF1A32256}.Debug|Any CPU.ActiveCfg = Debug|Any CPU
		{22B865D7-B420-4C23-8F95-84EAF1A32256}.Debug|Any CPU.Build.0 = Debug|Any CPU
		{22B865D7-B420-4C23-8F95-84EAF1A32256}.Release|Any CPU.ActiveCfg = Release|Any CPU
		{22B865D7-B420-4C23-8F95-84EAF1A32256}.Release|Any CPU.Build.0 = Release|Any CPU
		{7ED10BED-4CAB-40F8-809E-FCBE9323E122}.Debug|Any CPU.ActiveCfg = Debug|Any CPU
		{7ED10BED-4CAB-40F8-809E-FCBE9323E122}.Debug|Any CPU.Build.0 = Debug|Any CPU
		{7ED10BED-4CAB-40F8-809E-FCBE9323E122}.Release|Any CPU.ActiveCfg = Release|Any CPU
		{7ED10BED-4CAB-40F8-809E-FCBE9323E122}.Release|Any CPU.Build.0 = Release|Any CPU
	EndGlobalSection
	GlobalSection(SolutionProperties) = preSolution
		HideSolutionNode = FALSE
	EndGlobalSection
	GlobalSection(ExtensibilityGlobals) = postSolution
		SolutionGuid = {D0D50584-A1E5-4648-81FA-8DC338647616}
	EndGlobalSection
EndGlobal
