
Microsoft Visual Studio Solution File, Format Version 12.00
# Visual Studio Version 17
VisualStudioVersion = 17.14.36811.4 d17.14
MinimumVisualStudioVersion = 10.0.40219.1
Project("{FAE04EC0-301F-11D3-BF4B-00C04F79EFBC}") = "UsersMvcApp", "UsersMvcApp\UsersMvcApp.csproj", "{11A11C1F-1BD6-49F6-B82B-5D7A641BAF3B}"
EndProject
Global
	GlobalSection(SolutionConfigurationPlatforms) = preSolution
		Debug|Any CPU = Debug|Any CPU
		Release|Any CPU = Release|Any CPU
	EndGlobalSection
	GlobalSection(ProjectConfigurationPlatforms) = postSolution
		{11A11C1F-1BD6-49F6-B82B-5D7A641BAF3B}.Debug|Any CPU.ActiveCfg = Debug|Any CPU
		{11A11C1F-1BD6-49F6-B82B-5D7A641BAF3B}.Debug|Any CPU.Build.0 = Debug|Any CPU
		{11A11C1F-1BD6-49F6-B82B-5D7A641BAF3B}.Release|Any CPU.ActiveCfg = Release|Any CPU
		{11A11C1F-1BD6-49F6-B82B-5D7A641BAF3B}.Release|Any CPU.Build.0 = Release|Any CPU
	EndGlobalSection
	GlobalSection(SolutionProperties) = preSolution
		HideSolutionNode = FALSE
	EndGlobalSection
	GlobalSection(ExtensibilityGlobals) = postSolution
		SolutionGuid = {A7912F30-E314-423A-A181-BC5CBB9D3FD8}
	EndGlobalSection
EndGlobal
