
Microsoft Visual Studio Solution File, Format Version 12.00
# Visual Studio Version 17
VisualStudioVersion = 17.14.36705.20
MinimumVisualStudioVersion = 10.0.40219.1
Project("{FAE04EC0-301F-11D3-BF4B-00C04F79EFBC}") = "AccessibilityModifiers", "AccessibilityModifiers.csproj", "{6B9154AF-4B1F-451C-AE27-8F1E8ED9C1AB}"
EndProject
Project("{FAE04EC0-301F-11D3-BF4B-00C04F79EFBC}") = "Library1", "..\Library1\Library1.csproj", "{20DE602F-0BF2-431C-A76F-43720FBD8D16}"
EndProject
Project("{FAE04EC0-301F-11D3-BF4B-00C04F79EFBC}") = "Library2", "..\Library2\Library2.csproj", "{1441B03F-C691-4B9B-92D4-1869707CD288}"
EndProject
Project("{FAE04EC0-301F-11D3-BF4B-00C04F79EFBC}") = "Enum", "..\Enum\Enum.csproj", "{B528C59D-67C6-48CD-A44F-A4756E4F3334}"
EndProject
Project("{FAE04EC0-301F-11D3-BF4B-00C04F79EFBC}") = "Overriding", "..\Overriding\Overriding.csproj", "{8CBB0303-9017-419C-97EE-5FA02A8C86C3}"
EndProject
Project("{FAE04EC0-301F-11D3-BF4B-00C04F79EFBC}") = "ValueAndReferenceTypes", "..\ValueAndReferenceTypes\ValueAndReferenceTypes.csproj", "{950E2197-6BD3-3179-F3DE-2AF7F60BB4B5}"
EndProject
Global
	GlobalSection(SolutionConfigurationPlatforms) = preSolution
		Debug|Any CPU = Debug|Any CPU
		Release|Any CPU = Release|Any CPU
	EndGlobalSection
	GlobalSection(ProjectConfigurationPlatforms) = postSolution
		{6B9154AF-4B1F-451C-AE27-8F1E8ED9C1AB}.Debug|Any CPU.ActiveCfg = Debug|Any CPU
		{6B9154AF-4B1F-451C-AE27-8F1E8ED9C1AB}.Debug|Any CPU.Build.0 = Debug|Any CPU
		{6B9154AF-4B1F-451C-AE27-8F1E8ED9C1AB}.Release|Any CPU.ActiveCfg = Release|Any CPU
		{6B9154AF-4B1F-451C-AE27-8F1E8ED9C1AB}.Release|Any CPU.Build.0 = Release|Any CPU
		{20DE602F-0BF2-431C-A76F-43720FBD8D16}.Debug|Any CPU.ActiveCfg = Debug|Any CPU
		{20DE602F-0BF2-431C-A76F-43720FBD8D16}.Debug|Any CPU.Build.0 = Debug|Any CPU
		{20DE602F-0BF2-431C-A76F-43720FBD8D16}.Release|Any CPU.ActiveCfg = Release|Any CPU
		{20DE602F-0BF2-431C-A76F-43720FBD8D16}.Release|Any CPU.Build.0 = Release|Any CPU
		{1441B03F-C691-4B9B-92D4-1869707CD288}.Debug|Any CPU.ActiveCfg = Debug|Any CPU
		{1441B03F-C691-4B9B-92D4-1869707CD288}.Debug|Any CPU.Build.0 = Debug|Any CPU
		{1441B03F-C691-4B9B-92D4-1869707CD288}.Release|Any CPU.ActiveCfg = Release|Any CPU
		{1441B03F-C691-4B9B-92D4-1869707CD288}.Release|Any CPU.Build.0 = Release|Any CPU
		{B528C59D-67C6-48CD-A44F-A4756E4F3334}.Debug|Any CPU.ActiveCfg = Debug|Any CPU
		{B528C59D-67C6-48CD-A44F-A4756E4F3334}.Debug|Any CPU.Build.0 = Debug|Any CPU
		{B528C59D-67C6-48CD-A44F-A4756E4F3334}.Release|Any CPU.ActiveCfg = Release|Any CPU
		{B528C59D-67C6-48CD-A44F-A4756E4F3334}.Release|Any CPU.Build.0 = Release|Any CPU
		{8CBB0303-9017-419C-97EE-5FA02A8C86C3}.Debug|Any CPU.ActiveCfg = Debug|Any CPU
		{8CBB0303-9017-419C-97EE-5FA02A8C86C3}.Debug|Any CPU.Build.0 = Debug|Any CPU
		{8CBB0303-9017-419C-97EE-5FA02A8C86C3}.Release|Any CPU.ActiveCfg = Release|Any CPU
		{8CBB0303-9017-419C-97EE-5FA02A8C86C3}.Release|Any CPU.Build.0 = Release|Any CPU
		{950E2197-6BD3-3179-F3DE-2AF7F60BB4B5}.Debug|Any CPU.ActiveCfg = Debug|Any CPU
		{950E2197-6BD3-3179-F3DE-2AF7F60BB4B5}.Debug|Any CPU.Build.0 = Debug|Any CPU
		{950E2197-6BD3-3179-F3DE-2AF7F60BB4B5}.Release|Any CPU.ActiveCfg = Release|Any CPU
		{950E2197-6BD3-3179-F3DE-2AF7F60BB4B5}.Release|Any CPU.Build.0 = Release|Any CPU
	EndGlobalSection
	GlobalSection(SolutionProperties) = preSolution
		HideSolutionNode = FALSE
	EndGlobalSection
	GlobalSection(ExtensibilityGlobals) = postSolution
		SolutionGuid = {D0D50584-A1E5-4648-81FA-8DC338647616}
	EndGlobalSection
EndGlobal
